// !$*UTF8*$!
{
	archiveVersion = 1;
	classes = {
	};
	objectVersion = 47;
	objects = {

/* Begin PBXBuildFile section */
		1D3623260D0F684500981E51 /* BigClockWithSecondsAppDelegate.m in Sources */ = {isa = PBXBuildFile; fileRef = 1D3623250D0F684500981E51 /* BigClockWithSecondsAppDelegate.m */; };
		1D60589B0D05DD56006BFB54 /* main.m in Sources */ = {isa = PBXBuildFile; fileRef = 29B97316FDCFA39411CA2CEA /* main.m */; };
		1D60589F0D05DD5A006BFB54 /* Foundation.framework in Frameworks */ = {isa = PBXBuildFile; fileRef = 1D30AB110D05D00D00671497 /* Foundation.framework */; };
		1DF5F4E00D08C38300B7A737 /* UIKit.framework in Frameworks */ = {isa = PBXBuildFile; fileRef = 1DF5F4DF0D08C38300B7A737 /* UIKit.framework */; };
		288765A50DF7441C002DB57D /* CoreGraphics.framework in Frameworks */ = {isa = PBXBuildFile; fileRef = 288765A40DF7441C002DB57D /* CoreGraphics.framework */; };
		2899E5220DE3E06400AC0155 /* BigClockWithSecondsViewController.xib in Resources */ = {isa = PBXBuildFile; fileRef = 2899E5210DE3E06400AC0155 /* BigClockWithSecondsViewController.xib */; };
		28AD733F0D9D9553002E5188 /* MainWindow.xib in Resources */ = {isa = PBXBuildFile; fileRef = 28AD733E0D9D9553002E5188 /* MainWindow.xib */; };
		28D7ACF80DDB3853001CB0EB /* BigClockWithSecondsViewController.m in Sources */ = {isa = PBXBuildFile; fileRef = 28D7ACF70DDB3853001CB0EB /* BigClockWithSecondsViewController.m */; };
		CE1AE95D0FC49B82007C7A39 /* Default.png in Resources */ = {isa = PBXBuildFile; fileRef = CE1AE95C0FC49B82007C7A39 /* Default.png */; };
		CE22E58515F02A5B00B2A9FF /* CoreText.framework in Frameworks */ = {isa = PBXBuildFile; fileRef = CE22E58415F02A5B00B2A9FF /* CoreText.framework */; };
		CE2E993A15F7D8DE001079EC /* Reachability.m in Sources */ = {isa = PBXBuildFile; fileRef = CE2E993915F7D6E7001079EC /* Reachability.m */; };
		CE2E993C15F7D9F8001079EC /* SystemConfiguration.framework in Frameworks */ = {isa = PBXBuildFile; fileRef = CE2E993B15F7D9F8001079EC /* SystemConfiguration.framework */; };
		CE31F52716163C2100D783D2 /* Icon_Retina_72.png in Resources */ = {isa = PBXBuildFile; fileRef = CE31F52416163C2100D783D2 /* Icon_Retina_72.png */; };
		CE31F52816163C2100D783D2 /* Icon.png in Resources */ = {isa = PBXBuildFile; fileRef = CE31F52516163C2100D783D2 /* Icon.png */; };
		CE31F52916163C2100D783D2 /* Icon@2x.png in Resources */ = {isa = PBXBuildFile; fileRef = CE31F52616163C2100D783D2 /* Icon@2x.png */; };
		CE6EA9821F70151100476D36 /* copying.rtf in Resources */ = {isa = PBXBuildFile; fileRef = CE6EA9811F70151100476D36 /* copying.rtf */; };
		CE6EA9841F70180E00476D36 /* test.html in Resources */ = {isa = PBXBuildFile; fileRef = CE6EA9831F70180E00476D36 /* test.html */; };
		CE71355F15F14D0A00B9DC0E /* 292-crop.png in Resources */ = {isa = PBXBuildFile; fileRef = CE71355D15F14D0A00B9DC0E /* 292-crop.png */; };
		CE71356015F14D0A00B9DC0E /* 292-crop@2x.png in Resources */ = {isa = PBXBuildFile; fileRef = CE71355E15F14D0A00B9DC0E /* 292-crop@2x.png */; };
		CE71356A15F159BF00B9DC0E /* QuartzCore.framework in Frameworks */ = {isa = PBXBuildFile; fileRef = CE71356915F159BF00B9DC0E /* QuartzCore.framework */; };
		CE71356D15F4066600B9DC0E /* 61-brightness.png in Resources */ = {isa = PBXBuildFile; fileRef = CE71356B15F4066600B9DC0E /* 61-brightness.png */; };
		CE71356E15F4066600B9DC0E /* 61-brightness@2x.png in Resources */ = {isa = PBXBuildFile; fileRef = CE71356C15F4066600B9DC0E /* 61-brightness@2x.png */; };
		CE71357D15F4D82600B9DC0E /* 258-checkmark.png in Resources */ = {isa = PBXBuildFile; fileRef = CE71357B15F4D82600B9DC0E /* 258-checkmark.png */; };
		CE71357E15F4D82600B9DC0E /* 258-checkmark@2x.png in Resources */ = {isa = PBXBuildFile; fileRef = CE71357C15F4D82600B9DC0E /* 258-checkmark@2x.png */; };
		CE71358115F4D83200B9DC0E /* 215-subscription.png in Resources */ = {isa = PBXBuildFile; fileRef = CE71357F15F4D83200B9DC0E /* 215-subscription.png */; };
		CE71358215F4D83200B9DC0E /* 215-subscription@2x.png in Resources */ = {isa = PBXBuildFile; fileRef = CE71358015F4D83200B9DC0E /* 215-subscription@2x.png */; };
		CE71358515F4D89800B9DC0E /* 20-gear-2.png in Resources */ = {isa = PBXBuildFile; fileRef = CE71358315F4D89800B9DC0E /* 20-gear-2.png */; };
		CE71358615F4D89800B9DC0E /* 20-gear-2@2x.png in Resources */ = {isa = PBXBuildFile; fileRef = CE71358415F4D89800B9DC0E /* 20-gear-2@2x.png */; };
		CE77518515ED6F2B00A27395 /* MainWindow-iPad.xib in Resources */ = {isa = PBXBuildFile; fileRef = CE77518415ED6F2B00A27395 /* MainWindow-iPad.xib */; };
		CE7E972D0FCF131100E4B35B /* 21TheBigClock.plist in Resources */ = {isa = PBXBuildFile; fileRef = CE7E972C0FCF131100E4B35B /* 21TheBigClock.plist */; };
		CEC1688E160C5AD600E82AC7 /* Default-568h@2x.png in Resources */ = {isa = PBXBuildFile; fileRef = CEC1688D160C5AD600E82AC7 /* Default-568h@2x.png */; };
/* End PBXBuildFile section */

/* Begin PBXFileReference section */
		1D30AB110D05D00D00671497 /* Foundation.framework */ = {isa = PBXFileReference; lastKnownFileType = wrapper.framework; name = Foundation.framework; path = System/Library/Frameworks/Foundation.framework; sourceTree = SDKROOT; };
		1D3623240D0F684500981E51 /* BigClockWithSecondsAppDelegate.h */ = {isa = PBXFileReference; fileEncoding = 4; lastKnownFileType = sourcecode.c.h; path = BigClockWithSecondsAppDelegate.h; sourceTree = "<group>"; };
		1D3623250D0F684500981E51 /* BigClockWithSecondsAppDelegate.m */ = {isa = PBXFileReference; fileEncoding = 4; lastKnownFileType = sourcecode.c.objc; path = BigClockWithSecondsAppDelegate.m; sourceTree = "<group>"; };
		1D6058910D05DD3D006BFB54 /* BigClockWithSeconds.app */ = {isa = PBXFileReference; explicitFileType = wrapper.application; includeInIndex = 0; path = BigClockWithSeconds.app; sourceTree = BUILT_PRODUCTS_DIR; };
		1DF5F4DF0D08C38300B7A737 /* UIKit.framework */ = {isa = PBXFileReference; lastKnownFileType = wrapper.framework; name = UIKit.framework; path = System/Library/Frameworks/UIKit.framework; sourceTree = SDKROOT; };
		288765A40DF7441C002DB57D /* CoreGraphics.framework */ = {isa = PBXFileReference; lastKnownFileType = wrapper.framework; name = CoreGraphics.framework; path = System/Library/Frameworks/CoreGraphics.framework; sourceTree = SDKROOT; };
		2899E5210DE3E06400AC0155 /* BigClockWithSecondsViewController.xib */ = {isa = PBXFileReference; lastKnownFileType = file.xib; path = BigClockWithSecondsViewController.xib; sourceTree = "<group>"; };
		28AD733E0D9D9553002E5188 /* MainWindow.xib */ = {isa = PBXFileReference; lastKnownFileType = file.xib; path = MainWindow.xib; sourceTree = "<group>"; };
		28D7ACF60DDB3853001CB0EB /* BigClockWithSecondsViewController.h */ = {isa = PBXFileReference; fileEncoding = 4; lastKnownFileType = sourcecode.c.h; path = BigClockWithSecondsViewController.h; sourceTree = "<group>"; };
		28D7ACF70DDB3853001CB0EB /* BigClockWithSecondsViewController.m */ = {isa = PBXFileReference; fileEncoding = 4; lastKnownFileType = sourcecode.c.objc; path = BigClockWithSecondsViewController.m; sourceTree = "<group>"; };
		29B97316FDCFA39411CA2CEA /* main.m */ = {isa = PBXFileReference; fileEncoding = 4; lastKnownFileType = sourcecode.c.objc; path = main.m; sourceTree = "<group>"; };
		32CA4F630368D1EE00C91783 /* BigClockWithSeconds_Prefix.pch */ = {isa = PBXFileReference; fileEncoding = 4; lastKnownFileType = sourcecode.c.h; path = BigClockWithSeconds_Prefix.pch; sourceTree = "<group>"; };
		8D1107310486CEB800E47090 /* Info.plist */ = {isa = PBXFileReference; fileEncoding = 4; lastKnownFileType = text.plist.xml; path = Info.plist; sourceTree = "<group>"; };
		CE1AE95C0FC49B82007C7A39 /* Default.png */ = {isa = PBXFileReference; lastKnownFileType = image.png; path = Default.png; sourceTree = "<group>"; };
		CE22E58415F02A5B00B2A9FF /* CoreText.framework */ = {isa = PBXFileReference; lastKnownFileType = wrapper.framework; name = CoreText.framework; path = System/Library/Frameworks/CoreText.framework; sourceTree = SDKROOT; };
		CE2E993815F7D6E7001079EC /* Reachability.h */ = {isa = PBXFileReference; lastKnownFileType = sourcecode.c.h; path = Reachability.h; sourceTree = "<group>"; };
		CE2E993915F7D6E7001079EC /* Reachability.m */ = {isa = PBXFileReference; lastKnownFileType = sourcecode.c.objc; path = Reachability.m; sourceTree = "<group>"; };
		CE2E993B15F7D9F8001079EC /* SystemConfiguration.framework */ = {isa = PBXFileReference; lastKnownFileType = wrapper.framework; name = SystemConfiguration.framework; path = System/Library/Frameworks/SystemConfiguration.framework; sourceTree = SDKROOT; };
		CE31F52416163C2100D783D2 /* Icon_Retina_72.png */ = {isa = PBXFileReference; lastKnownFileType = image.png; path = Icon_Retina_72.png; sourceTree = "<group>"; };
		CE31F52516163C2100D783D2 /* Icon.png */ = {isa = PBXFileReference; lastKnownFileType = image.png; path = Icon.png; sourceTree = "<group>"; };
		CE31F52616163C2100D783D2 /* Icon@2x.png */ = {isa = PBXFileReference; lastKnownFileType = image.png; path = "Icon@2x.png"; sourceTree = "<group>"; };
		CE6EA9811F70151100476D36 /* copying.rtf */ = {isa = PBXFileReference; fileEncoding = 4; lastKnownFileType = text.rtf; path = copying.rtf; sourceTree = "<group>"; };
		CE6EA9831F70180E00476D36 /* test.html */ = {isa = PBXFileReference; fileEncoding = 4; lastKnownFileType = text.html; name = test.html; path = ../../../../Desktop/test.html; sourceTree = "<group>"; };
		CE71355D15F14D0A00B9DC0E /* 292-crop.png */ = {isa = PBXFileReference; lastKnownFileType = image.png; path = "292-crop.png"; sourceTree = "<group>"; };
		CE71355E15F14D0A00B9DC0E /* 292-crop@2x.png */ = {isa = PBXFileReference; lastKnownFileType = image.png; path = "292-crop@2x.png"; sourceTree = "<group>"; };
		CE71356915F159BF00B9DC0E /* QuartzCore.framework */ = {isa = PBXFileReference; lastKnownFileType = wrapper.framework; name = QuartzCore.framework; path = System/Library/Frameworks/QuartzCore.framework; sourceTree = SDKROOT; };
		CE71356B15F4066600B9DC0E /* 61-brightness.png */ = {isa = PBXFileReference; lastKnownFileType = image.png; path = "61-brightness.png"; sourceTree = "<group>"; };
		CE71356C15F4066600B9DC0E /* 61-brightness@2x.png */ = {isa = PBXFileReference; lastKnownFileType = image.png; path = "61-brightness@2x.png"; sourceTree = "<group>"; };
		CE71357B15F4D82600B9DC0E /* 258-checkmark.png */ = {isa = PBXFileReference; lastKnownFileType = image.png; path = "258-checkmark.png"; sourceTree = "<group>"; };
		CE71357C15F4D82600B9DC0E /* 258-checkmark@2x.png */ = {isa = PBXFileReference; lastKnownFileType = image.png; path = "258-checkmark@2x.png"; sourceTree = "<group>"; };
		CE71357F15F4D83200B9DC0E /* 215-subscription.png */ = {isa = PBXFileReference; lastKnownFileType = image.png; path = "215-subscription.png"; sourceTree = "<group>"; };
		CE71358015F4D83200B9DC0E /* 215-subscription@2x.png */ = {isa = PBXFileReference; lastKnownFileType = image.png; path = "215-subscription@2x.png"; sourceTree = "<group>"; };
		CE71358315F4D89800B9DC0E /* 20-gear-2.png */ = {isa = PBXFileReference; lastKnownFileType = image.png; path = "20-gear-2.png"; sourceTree = "<group>"; };
		CE71358415F4D89800B9DC0E /* 20-gear-2@2x.png */ = {isa = PBXFileReference; lastKnownFileType = image.png; path = "20-gear-2@2x.png"; sourceTree = "<group>"; };
		CE77518415ED6F2B00A27395 /* MainWindow-iPad.xib */ = {isa = PBXFileReference; lastKnownFileType = file.xib; name = "MainWindow-iPad.xib"; path = "iPad/MainWindow-iPad.xib"; sourceTree = "<group>"; };
		CE7E972C0FCF131100E4B35B /* 21TheBigClock.plist */ = {isa = PBXFileReference; fileEncoding = 4; lastKnownFileType = text.plist.xml; path = 21TheBigClock.plist; sourceTree = "<group>"; };
		CEA096911F77D77C009D8883 /* screenshot_landscape.png */ = {isa = PBXFileReference; lastKnownFileType = image.png; path = screenshot_landscape.png; sourceTree = "<group>"; };
		CEA096931F77D7E1009D8883 /* screenshot_portrait.png */ = {isa = PBXFileReference; lastKnownFileType = image.png; path = screenshot_portrait.png; sourceTree = "<group>"; };
		CEC1688D160C5AD600E82AC7 /* Default-568h@2x.png */ = {isa = PBXFileReference; lastKnownFileType = image.png; path = "Default-568h@2x.png"; sourceTree = "<group>"; };
/* End PBXFileReference section */

/* Begin PBXFrameworksBuildPhase section */
		1D60588F0D05DD3D006BFB54 /* Frameworks */ = {
			isa = PBXFrameworksBuildPhase;
			buildActionMask = 2147483647;
			files = (
				CE2E993C15F7D9F8001079EC /* SystemConfiguration.framework in Frameworks */,
				CE71356A15F159BF00B9DC0E /* QuartzCore.framework in Frameworks */,
				CE22E58515F02A5B00B2A9FF /* CoreText.framework in Frameworks */,
				1D60589F0D05DD5A006BFB54 /* Foundation.framework in Frameworks */,
				1DF5F4E00D08C38300B7A737 /* UIKit.framework in Frameworks */,
				288765A50DF7441C002DB57D /* CoreGraphics.framework in Frameworks */,
			);
			runOnlyForDeploymentPostprocessing = 0;
		};
/* End PBXFrameworksBuildPhase section */

/* Begin PBXGroup section */
		080E96DDFE201D6D7F000001 /* Classes */ = {
			isa = PBXGroup;
			children = (
				CE2E993815F7D6E7001079EC /* Reachability.h */,
				CE2E993915F7D6E7001079EC /* Reachability.m */,
				1D3623240D0F684500981E51 /* BigClockWithSecondsAppDelegate.h */,
				1D3623250D0F684500981E51 /* BigClockWithSecondsAppDelegate.m */,
				28D7ACF60DDB3853001CB0EB /* BigClockWithSecondsViewController.h */,
				28D7ACF70DDB3853001CB0EB /* BigClockWithSecondsViewController.m */,
				CE6EA9831F70180E00476D36 /* test.html */,
			);
			path = Classes;
			sourceTree = "<group>";
		};
		19C28FACFE9D520D11CA2CBB /* Products */ = {
			isa = PBXGroup;
			children = (
				1D6058910D05DD3D006BFB54 /* BigClockWithSeconds.app */,
			);
			name = Products;
			sourceTree = "<group>";
		};
		29B97314FDCFA39411CA2CEA /* CustomTemplate */ = {
			isa = PBXGroup;
			children = (
				CE71355815F14BCB00B9DC0E /* pics */,
				CE7E972C0FCF131100E4B35B /* 21TheBigClock.plist */,
				080E96DDFE201D6D7F000001 /* Classes */,
				29B97315FDCFA39411CA2CEA /* Other Sources */,
				29B97317FDCFA39411CA2CEA /* Resources */,
				CE77518315ED6F2700A27395 /* iPad */,
				29B97323FDCFA39411CA2CEA /* Frameworks */,
				19C28FACFE9D520D11CA2CBB /* Products */,
			);
			name = CustomTemplate;
			sourceTree = "<group>";
		};
		29B97315FDCFA39411CA2CEA /* Other Sources */ = {
			isa = PBXGroup;
			children = (
				32CA4F630368D1EE00C91783 /* BigClockWithSeconds_Prefix.pch */,
				29B97316FDCFA39411CA2CEA /* main.m */,
			);
			name = "Other Sources";
			sourceTree = "<group>";
		};
		29B97317FDCFA39411CA2CEA /* Resources */ = {
			isa = PBXGroup;
			children = (
				CE1AE95C0FC49B82007C7A39 /* Default.png */,
				2899E5210DE3E06400AC0155 /* BigClockWithSecondsViewController.xib */,
				28AD733E0D9D9553002E5188 /* MainWindow.xib */,
				8D1107310486CEB800E47090 /* Info.plist */,
				CE6EA9811F70151100476D36 /* copying.rtf */,
			);
			name = Resources;
			sourceTree = "<group>";
		};
		29B97323FDCFA39411CA2CEA /* Frameworks */ = {
			isa = PBXGroup;
			children = (
				CE2E993B15F7D9F8001079EC /* SystemConfiguration.framework */,
				CE22E58415F02A5B00B2A9FF /* CoreText.framework */,
				CE71356915F159BF00B9DC0E /* QuartzCore.framework */,
				1DF5F4DF0D08C38300B7A737 /* UIKit.framework */,
				1D30AB110D05D00D00671497 /* Foundation.framework */,
				288765A40DF7441C002DB57D /* CoreGraphics.framework */,
			);
			name = Frameworks;
			sourceTree = "<group>";
		};
		CE71355815F14BCB00B9DC0E /* pics */ = {
			isa = PBXGroup;
			children = (
				CEA096911F77D77C009D8883 /* screenshot_landscape.png */,
				CEA096931F77D7E1009D8883 /* screenshot_portrait.png */,
				CE31F52416163C2100D783D2 /* Icon_Retina_72.png */,
				CE31F52516163C2100D783D2 /* Icon.png */,
				CE31F52616163C2100D783D2 /* Icon@2x.png */,
				CEC1688D160C5AD600E82AC7 /* Default-568h@2x.png */,
				CE71358315F4D89800B9DC0E /* 20-gear-2.png */,
				CE71358415F4D89800B9DC0E /* 20-gear-2@2x.png */,
				CE71357F15F4D83200B9DC0E /* 215-subscription.png */,
				CE71358015F4D83200B9DC0E /* 215-subscription@2x.png */,
				CE71357B15F4D82600B9DC0E /* 258-checkmark.png */,
				CE71357C15F4D82600B9DC0E /* 258-checkmark@2x.png */,
				CE71356B15F4066600B9DC0E /* 61-brightness.png */,
				CE71356C15F4066600B9DC0E /* 61-brightness@2x.png */,
				CE71355D15F14D0A00B9DC0E /* 292-crop.png */,
				CE71355E15F14D0A00B9DC0E /* 292-crop@2x.png */,
			);
			name = pics;
			sourceTree = "<group>";
		};
		CE77518315ED6F2700A27395 /* iPad */ = {
			isa = PBXGroup;
			children = (
				CE77518415ED6F2B00A27395 /* MainWindow-iPad.xib */,
			);
			name = iPad;
			sourceTree = "<group>";
		};
/* End PBXGroup section */

/* Begin PBXNativeTarget section */
		1D6058900D05DD3D006BFB54 /* BigClockWithSeconds */ = {
			isa = PBXNativeTarget;
			buildConfigurationList = 1D6058960D05DD3E006BFB54 /* Build configuration list for PBXNativeTarget "BigClockWithSeconds" */;
			buildPhases = (
				1D60588D0D05DD3D006BFB54 /* Resources */,
				1D60588E0D05DD3D006BFB54 /* Sources */,
				1D60588F0D05DD3D006BFB54 /* Frameworks */,
			);
			buildRules = (
			);
			dependencies = (
			);
			name = BigClockWithSeconds;
			productName = BigClockWithSeconds;
			productReference = 1D6058910D05DD3D006BFB54 /* BigClockWithSeconds.app */;
			productType = "com.apple.product-type.application";
		};
/* End PBXNativeTarget section */

/* Begin PBXProject section */
		29B97313FDCFA39411CA2CEA /* Project object */ = {
			isa = PBXProject;
			attributes = {
				LastUpgradeCheck = 0820;
				ORGANIZATIONNAME = "Christoph Bodenstein Computer Kirmskrams";
				TargetAttributes = {
					1D6058900D05DD3D006BFB54 = {
						DevelopmentTeam = SQYS4Y95JJ;
					};
				};
			};
			buildConfigurationList = C01FCF4E08A954540054247B /* Build configuration list for PBXProject "BigClockWithSeconds" */;
			compatibilityVersion = "Xcode 6.3";
			developmentRegion = English;
			hasScannedForEncodings = 1;
			knownRegions = (
				English,
				Japanese,
				French,
				German,
			);
			mainGroup = 29B97314FDCFA39411CA2CEA /* CustomTemplate */;
			projectDirPath = "";
			projectRoot = "";
			targets = (
				1D6058900D05DD3D006BFB54 /* BigClockWithSeconds */,
			);
		};
/* End PBXProject section */

/* Begin PBXResourcesBuildPhase section */
		1D60588D0D05DD3D006BFB54 /* Resources */ = {
			isa = PBXResourcesBuildPhase;
			buildActionMask = 2147483647;
			files = (
				28AD733F0D9D9553002E5188 /* MainWindow.xib in Resources */,
				2899E5220DE3E06400AC0155 /* BigClockWithSecondsViewController.xib in Resources */,
				CE1AE95D0FC49B82007C7A39 /* Default.png in Resources */,
				CE7E972D0FCF131100E4B35B /* 21TheBigClock.plist in Resources */,
				CE77518515ED6F2B00A27395 /* MainWindow-iPad.xib in Resources */,
				CE71355F15F14D0A00B9DC0E /* 292-crop.png in Resources */,
				CE71356015F14D0A00B9DC0E /* 292-crop@2x.png in Resources */,
				CE71356D15F4066600B9DC0E /* 61-brightness.png in Resources */,
				CE71356E15F4066600B9DC0E /* 61-brightness@2x.png in Resources */,
				CE71357D15F4D82600B9DC0E /* 258-checkmark.png in Resources */,
				CE6EA9821F70151100476D36 /* copying.rtf in Resources */,
				CE71357E15F4D82600B9DC0E /* 258-checkmark@2x.png in Resources */,
				CE71358115F4D83200B9DC0E /* 215-subscription.png in Resources */,
				CE71358215F4D83200B9DC0E /* 215-subscription@2x.png in Resources */,
				CE6EA9841F70180E00476D36 /* test.html in Resources */,
				CE71358515F4D89800B9DC0E /* 20-gear-2.png in Resources */,
				CE71358615F4D89800B9DC0E /* 20-gear-2@2x.png in Resources */,
				CEC1688E160C5AD600E82AC7 /* Default-568h@2x.png in Resources */,
				CE31F52716163C2100D783D2 /* Icon_Retina_72.png in Resources */,
				CE31F52816163C2100D783D2 /* Icon.png in Resources */,
				CE31F52916163C2100D783D2 /* Icon@2x.png in Resources */,
			);
			runOnlyForDeploymentPostprocessing = 0;
		};
/* End PBXResourcesBuildPhase section */

/* Begin PBXSourcesBuildPhase section */
		1D60588E0D05DD3D006BFB54 /* Sources */ = {
			isa = PBXSourcesBuildPhase;
			buildActionMask = 2147483647;
			files = (
				CE2E993A15F7D8DE001079EC /* Reachability.m in Sources */,
				1D60589B0D05DD56006BFB54 /* main.m in Sources */,
				1D3623260D0F684500981E51 /* BigClockWithSecondsAppDelegate.m in Sources */,
				28D7ACF80DDB3853001CB0EB /* BigClockWithSecondsViewController.m in Sources */,
			);
			runOnlyForDeploymentPostprocessing = 0;
		};
/* End PBXSourcesBuildPhase section */

/* Begin XCBuildConfiguration section */
		1D6058940D05DD3E006BFB54 /* Debug */ = {
			isa = XCBuildConfiguration;
			buildSettings = {
				ALWAYS_SEARCH_USER_PATHS = NO;
				CLANG_ENABLE_OBJC_ARC = YES;
				CODE_SIGN_IDENTITY = "iPhone Developer";
				"CODE_SIGN_IDENTITY[sdk=iphoneos*]" = "iPhone Developer";
				COPY_PHASE_STRIP = NO;
				GCC_DYNAMIC_NO_PIC = NO;
				GCC_OPTIMIZATION_LEVEL = 0;
				GCC_PRECOMPILE_PREFIX_HEADER = YES;
				GCC_PREFIX_HEADER = BigClockWithSeconds_Prefix.pch;
				GCC_THUMB_SUPPORT = NO;
				INFOPLIST_FILE = Info.plist;
				IPHONEOS_DEPLOYMENT_TARGET = 8.0;
				ONLY_ACTIVE_ARCH = YES;
				OTHER_LDFLAGS = "-ObjC";
				PRODUCT_BUNDLE_IDENTIFIER = com.CBCKK.21TheBigClock;
				PRODUCT_NAME = BigClockWithSeconds;
				PROVISIONING_PROFILE = "";
				TARGETED_DEVICE_FAMILY = "1,2";
			};
			name = Debug;
		};
		1D6058950D05DD3E006BFB54 /* Release */ = {
			isa = XCBuildConfiguration;
			buildSettings = {
				ALWAYS_SEARCH_USER_PATHS = NO;
				CLANG_ENABLE_OBJC_ARC = YES;
				CODE_SIGN_IDENTITY = "iPhone Developer";
				"CODE_SIGN_IDENTITY[sdk=iphoneos*]" = "iPhone Developer";
				COPY_PHASE_STRIP = YES;
				GCC_PRECOMPILE_PREFIX_HEADER = YES;
				GCC_PREFIX_HEADER = BigClockWithSeconds_Prefix.pch;
				GCC_THUMB_SUPPORT = NO;
				INFOPLIST_FILE = Info.plist;
				IPHONEOS_DEPLOYMENT_TARGET = 8.0;
				ONLY_ACTIVE_ARCH = YES;
				OTHER_LDFLAGS = "-ObjC";
				PRODUCT_BUNDLE_IDENTIFIER = com.CBCKK.21TheBigClock;
				PRODUCT_NAME = BigClockWithSeconds;
				PROVISIONING_PROFILE = "";
				TARGETED_DEVICE_FAMILY = "1,2";
			};
			name = Release;
		};
		C01FCF4F08A954540054247B /* Debug */ = {
			isa = XCBuildConfiguration;
			buildSettings = {
				CLANG_ANALYZER_LOCALIZABILITY_NONLOCALIZED = YES;
				CLANG_WARN_BOOL_CONVERSION = YES;
				CLANG_WARN_CONSTANT_CONVERSION = YES;
				CLANG_WARN_EMPTY_BODY = YES;
				CLANG_WARN_ENUM_CONVERSION = YES;
				CLANG_WARN_INFINITE_RECURSION = YES;
				CLANG_WARN_INT_CONVERSION = YES;
				CLANG_WARN_SUSPICIOUS_MOVE = YES;
				CLANG_WARN_UNREACHABLE_CODE = YES;
				CLANG_WARN__DUPLICATE_METHOD_MATCH = YES;
				CODE_SIGN_IDENTITY = "iPhone Developer";
				"CODE_SIGN_IDENTITY[sdk=iphoneos*]" = "iPhone Developer";
				EMBED_ASSET_PACKS_IN_PRODUCT_BUNDLE = YES;
				ENABLE_ON_DEMAND_RESOURCES = YES;
				ENABLE_STRICT_OBJC_MSGSEND = YES;
				ENABLE_TESTABILITY = YES;
				GCC_C_LANGUAGE_STANDARD = "compiler-default";
				GCC_NO_COMMON_BLOCKS = YES;
				GCC_THUMB_SUPPORT = YES;
				GCC_WARN_64_TO_32_BIT_CONVERSION = YES;
				GCC_WARN_ABOUT_RETURN_TYPE = NO;
				GCC_WARN_UNDECLARED_SELECTOR = YES;
				GCC_WARN_UNINITIALIZED_AUTOS = YES;
				GCC_WARN_UNUSED_FUNCTION = YES;
				GCC_WARN_UNUSED_VARIABLE = NO;
				INFOPLIST_FILE = Info.plist;
				IPHONEOS_DEPLOYMENT_TARGET = 9.2;
				ONLY_ACTIVE_ARCH = YES;
				PRODUCT_NAME = BigClockWithSeconds;
				PROVISIONING_PROFILE = "";
				"PROVISIONING_PROFILE[sdk=iphoneos*]" = "";
				SDKROOT = iphoneos;
				TARGETED_DEVICE_FAMILY = 1;
			};
			name = Debug;
		};
		C01FCF5008A954540054247B /* Release */ = {
			isa = XCBuildConfiguration;
			buildSettings = {
				CLANG_ANALYZER_LOCALIZABILITY_NONLOCALIZED = YES;
				CLANG_WARN_BOOL_CONVERSION = YES;
				CLANG_WARN_CONSTANT_CONVERSION = YES;
				CLANG_WARN_EMPTY_BODY = YES;
				CLANG_WARN_ENUM_CONVERSION = YES;
				CLANG_WARN_INFINITE_RECURSION = YES;
				CLANG_WARN_INT_CONVERSION = YES;
				CLANG_WARN_SUSPICIOUS_MOVE = YES;
				CLANG_WARN_UNREACHABLE_CODE = YES;
				CLANG_WARN__DUPLICATE_METHOD_MATCH = YES;
				CODE_SIGN_IDENTITY = "iPhone Developer";
				"CODE_SIGN_IDENTITY[sdk=iphoneos*]" = "iPhone Distribution";
				EMBED_ASSET_PACKS_IN_PRODUCT_BUNDLE = YES;
				ENABLE_ON_DEMAND_RESOURCES = YES;
				ENABLE_STRICT_OBJC_MSGSEND = YES;
				ENABLE_TESTABILITY = NO;
				GCC_C_LANGUAGE_STANDARD = "compiler-default";
				GCC_NO_COMMON_BLOCKS = YES;
				GCC_THUMB_SUPPORT = YES;
				GCC_WARN_64_TO_32_BIT_CONVERSION = YES;
				GCC_WARN_ABOUT_RETURN_TYPE = NO;
				GCC_WARN_UNDECLARED_SELECTOR = YES;
				GCC_WARN_UNINITIALIZED_AUTOS = YES;
				GCC_WARN_UNUSED_FUNCTION = YES;
				GCC_WARN_UNUSED_VARIABLE = NO;
				INFOPLIST_FILE = Info.plist;
				IPHONEOS_DEPLOYMENT_TARGET = 9.2;
				ONLY_ACTIVE_ARCH = NO;
				PRODUCT_NAME = BigClockWithSeconds;
				PROVISIONING_PROFILE = "";
				"PROVISIONING_PROFILE[sdk=iphoneos*]" = "";
				SDKROOT = iphoneos;
				TARGETED_DEVICE_FAMILY = 1;
			};
			name = Release;
		};
		CE7E97140FCF102C00E4B35B /* Distribution */ = {
			isa = XCBuildConfiguration;
			buildSettings = {
				CLANG_ANALYZER_LOCALIZABILITY_NONLOCALIZED = YES;
				CLANG_WARN_BOOL_CONVERSION = YES;
				CLANG_WARN_CONSTANT_CONVERSION = YES;
				CLANG_WARN_EMPTY_BODY = YES;
				CLANG_WARN_ENUM_CONVERSION = YES;
				CLANG_WARN_INFINITE_RECURSION = YES;
				CLANG_WARN_INT_CONVERSION = YES;
				CLANG_WARN_SUSPICIOUS_MOVE = YES;
				CLANG_WARN_UNREACHABLE_CODE = YES;
				CLANG_WARN__DUPLICATE_METHOD_MATCH = YES;
				CODE_SIGN_IDENTITY = "iPhone Developer";
				"CODE_SIGN_IDENTITY[sdk=iphoneos*]" = "iPhone Developer";
				EMBED_ASSET_PACKS_IN_PRODUCT_BUNDLE = YES;
				ENABLE_ON_DEMAND_RESOURCES = YES;
				ENABLE_STRICT_OBJC_MSGSEND = YES;
				ENABLE_TESTABILITY = NO;
				GCC_C_LANGUAGE_STANDARD = "compiler-default";
				GCC_NO_COMMON_BLOCKS = YES;
				GCC_THUMB_SUPPORT = YES;
				GCC_WARN_64_TO_32_BIT_CONVERSION = YES;
				GCC_WARN_ABOUT_RETURN_TYPE = NO;
				GCC_WARN_UNDECLARED_SELECTOR = YES;
				GCC_WARN_UNINITIALIZED_AUTOS = YES;
				GCC_WARN_UNUSED_FUNCTION = YES;
				GCC_WARN_UNUSED_VARIABLE = NO;
				INFOPLIST_FILE = Info.plist;
				IPHONEOS_DEPLOYMENT_TARGET = 9.2;
				ONLY_ACTIVE_ARCH = NO;
				PRODUCT_NAME = BigClockWithSeconds;
				PROVISIONING_PROFILE = "";
				"PROVISIONING_PROFILE[sdk=iphoneos*]" = "";
				SDKROOT = iphoneos;
				TARGETED_DEVICE_FAMILY = 1;
			};
			name = Distribution;
		};
		CE7E97150FCF102C00E4B35B /* Distribution */ = {
			isa = XCBuildConfiguration;
			buildSettings = {
				ALWAYS_SEARCH_USER_PATHS = NO;
				CLANG_ENABLE_OBJC_ARC = YES;
				CODE_SIGN_ENTITLEMENTS = 21TheBigClock.plist;
				CODE_SIGN_IDENTITY = "iPhone Developer";
				"CODE_SIGN_IDENTITY[sdk=iphoneos*]" = "iPhone Developer";
				COPY_PHASE_STRIP = YES;
				GCC_PRECOMPILE_PREFIX_HEADER = YES;
				GCC_PREFIX_HEADER = BigClockWithSeconds_Prefix.pch;
				GCC_THUMB_SUPPORT = NO;
				INFOPLIST_FILE = Info.plist;
				IPHONEOS_DEPLOYMENT_TARGET = 8.0;
				ONLY_ACTIVE_ARCH = YES;
				OTHER_LDFLAGS = "-ObjC";
				PRODUCT_BUNDLE_IDENTIFIER = com.CBCKK.21TheBigClock;
				PRODUCT_NAME = BigClockWithSeconds;
				PROVISIONING_PROFILE = "";
				TARGETED_DEVICE_FAMILY = "1,2";
			};
			name = Distribution;
		};
/* End XCBuildConfiguration section */

/* Begin XCConfigurationList section */
		1D6058960D05DD3E006BFB54 /* Build configuration list for PBXNativeTarget "BigClockWithSeconds" */ = {
			isa = XCConfigurationList;
			buildConfigurations = (
				1D6058940D05DD3E006BFB54 /* Debug */,
				1D6058950D05DD3E006BFB54 /* Release */,
				CE7E97150FCF102C00E4B35B /* Distribution */,
			);
			defaultConfigurationIsVisible = 0;
			defaultConfigurationName = Release;
		};
		C01FCF4E08A954540054247B /* Build configuration list for PBXProject "BigClockWithSeconds" */ = {
			isa = XCConfigurationList;
			buildConfigurations = (
				C01FCF4F08A954540054247B /* Debug */,
				C01FCF5008A954540054247B /* Release */,
				CE7E97140FCF102C00E4B35B /* Distribution */,
			);
			defaultConfigurationIsVisible = 0;
			defaultConfigurationName = Release;
		};
/* End XCConfigurationList section */
	};
	rootObject = 29B97313FDCFA39411CA2CEA /* Project object */;
}
